
Microsoft Visual Studio Solution File, Format Version 12.00
# Visual Studio Version 17
VisualStudioVersion = 17.13.35825.156 d17.13
MinimumVisualStudioVersion = 10.0.40219.1
Project("{FAE04EC0-301F-11D3-BF4B-00C04F79EFBC}") = "WebFromCli", "WebFromCli.csproj", "{4006BBC9-5686-DF93-12C8-26C799F3F102}"
EndProject
Global
	GlobalSection(SolutionConfigurationPlatforms) = preSolution
		Debug|Any CPU = Debug|Any CPU
		Release|Any CPU = Release|Any CPU
	EndGlobalSection
	GlobalSection(ProjectConfigurationPlatforms) = postSolution
		{4006BBC9-5686-DF93-12C8-26C799F3F102}.Debug|Any CPU.ActiveCfg = Debug|Any CPU
		{4006BBC9-5686-DF93-12C8-26C799F3F102}.Debug|Any CPU.Build.0 = Debug|Any CPU
		{4006BBC9-5686-DF93-12C8-26C799F3F102}.Release|Any CPU.ActiveCfg = Release|Any CPU
		{4006BBC9-5686-DF93-12C8-26C799F3F102}.Release|Any CPU.Build.0 = Release|Any CPU
	EndGlobalSection
	GlobalSection(SolutionProperties) = preSolution
		HideSolutionNode = FALSE
	EndGlobalSection
	GlobalSection(ExtensibilityGlobals) = postSolution
		SolutionGuid = {59AF3207-DA15-4A77-B72A-CF304235901A}
	EndGlobalSection
EndGlobal
